
Microsoft Visual Studio Solution File, Format Version 12.00
# Visual Studio Version 16
VisualStudioVersion = 16.0.30711.63
MinimumVisualStudioVersion = 10.0.40219.1
Project("{9A19103F-16F7-4668-BE54-9A1E7A4F7556}") = "ArmyStackGame", "ArmyStackGame\ArmyStackGame.csproj", "{2BB6C6AC-7D20-47F1-863D-5E3689AD9450}"
EndProject
Project("{FAE04EC0-301F-11D3-BF4B-00C04F79EFBC}") = "WPFInterface", "WPFInterface\WPFInterface.csproj", "{03109CCC-A1E3-4433-8E1F-661C0ABECB6F}"
EndProject
Global
	GlobalSection(SolutionConfigurationPlatforms) = preSolution
		Debug|Any CPU = Debug|Any CPU
		Release|Any CPU = Release|Any CPU
	EndGlobalSection
	GlobalSection(ProjectConfigurationPlatforms) = postSolution
		{2BB6C6AC-7D20-47F1-863D-5E3689AD9450}.Debug|Any CPU.ActiveCfg = Debug|Any CPU
		{2BB6C6AC-7D20-47F1-863D-5E3689AD9450}.Debug|Any CPU.Build.0 = Debug|Any CPU
		{2BB6C6AC-7D20-47F1-863D-5E3689AD9450}.Release|Any CPU.ActiveCfg = Release|Any CPU
		{2BB6C6AC-7D20-47F1-863D-5E3689AD9450}.Release|Any CPU.Build.0 = Release|Any CPU
		{03109CCC-A1E3-4433-8E1F-661C0ABECB6F}.Debug|Any CPU.ActiveCfg = Debug|Any CPU
		{03109CCC-A1E3-4433-8E1F-661C0ABECB6F}.Debug|Any CPU.Build.0 = Debug|Any CPU
		{03109CCC-A1E3-4433-8E1F-661C0ABECB6F}.Release|Any CPU.ActiveCfg = Release|Any CPU
		{03109CCC-A1E3-4433-8E1F-661C0ABECB6F}.Release|Any CPU.Build.0 = Release|Any CPU
	EndGlobalSection
	GlobalSection(SolutionProperties) = preSolution
		HideSolutionNode = FALSE
	EndGlobalSection
	GlobalSection(ExtensibilityGlobals) = postSolution
		SolutionGuid = {554FDD2B-47C9-4E18-AF8C-907E48ADC95E}
	EndGlobalSection
EndGlobal
